{
  "name": "platforms",
  "version": "1.0.0",
  "lockfileVersion": 3,
  "requires": true,
  "packages": {
    "": {
      "name": "platforms",
      "version": "1.0.0",
      "license": "ISC",
      "dependencies": {
        "@vladislav-proshchenkov/ajs": "^1.0.0"
      }
    },
    "node_modules/@vladislav-proshchenkov/ajs": {
      "version": "1.0.0",
      "resolved": "https://npm.pkg.github.com/download/@vladislav-proshchenkov/ajs/1.0.0/8d0ec4ad1af1b870feb1f080171e9d21d5e537b0",
      "integrity": "sha512-D+nUWTYyab6rH61xaBAkC1sMZwo1vLuNMFksPwvcNohOzulqlJWLtFU0A6sSWw6V1za4Aq0c8wIdAfxBc8zGvA==",
      "license": "ISC"
    }
  }
}
